
Microsoft Visual Studio Solution File, Format Version 12.00
# Visual Studio Version 17
VisualStudioVersion = 17.0.31612.314
MinimumVisualStudioVersion = 10.0.40219.1
Project("{FAE04EC0-301F-11D3-BF4B-00C04F79EFBC}") = "TicketStore", "TicketStore\TicketStore.csproj", "{62E07E90-9526-43E4-9089-117E077DD30D}"
EndProject
Global
	GlobalSection(SolutionConfigurationPlatforms) = preSolution
		Debug|Any CPU = Debug|Any CPU
		Release|Any CPU = Release|Any CPU
	EndGlobalSection
	GlobalSection(ProjectConfigurationPlatforms) = postSolution
		{62E07E90-9526-43E4-9089-117E077DD30D}.Debug|Any CPU.ActiveCfg = Debug|Any CPU
		{62E07E90-9526-43E4-9089-117E077DD30D}.Debug|Any CPU.Build.0 = Debug|Any CPU
		{62E07E90-9526-43E4-9089-117E077DD30D}.Release|Any CPU.ActiveCfg = Release|Any CPU
		{62E07E90-9526-43E4-9089-117E077DD30D}.Release|Any CPU.Build.0 = Release|Any CPU
	EndGlobalSection
	GlobalSection(SolutionProperties) = preSolution
		HideSolutionNode = FALSE
	EndGlobalSection
	GlobalSection(ExtensibilityGlobals) = postSolution
		SolutionGuid = {4BC3A2AD-1C28-4FE9-9713-5E9A7E0A2974}
	EndGlobalSection
EndGlobal
